// !$*UTF8*$!
{
	archiveVersion = 1;
	classes = {
	};
	objectVersion = 55;
	objects = {

/* Begin PBXBuildFile section */
		A43B40AD2826343600F8696F /* CommentViewController.swift in Sources */ = {isa = PBXBuildFile; fileRef = A43B40AC2826343600F8696F /* CommentViewController.swift */; };
		A442EF0C282127BF00D89DD9 /* Const.swift in Sources */ = {isa = PBXBuildFile; fileRef = A442EF0B282127BF00D89DD9 /* Const.swift */; };
		A442EF0E2821663700D89DD9 /* PostData.swift in Sources */ = {isa = PBXBuildFile; fileRef = A442EF0D2821663700D89DD9 /* PostData.swift */; };
		A442EF1128216C2800D89DD9 /* PostTableViewCell.swift in Sources */ = {isa = PBXBuildFile; fileRef = A442EF0F28216C2800D89DD9 /* PostTableViewCell.swift */; };
		A442EF1228216C2800D89DD9 /* PostTableViewCell.xib in Resources */ = {isa = PBXBuildFile; fileRef = A442EF1028216C2800D89DD9 /* PostTableViewCell.xib */; };
		A4861F91281C2C30005DF278 /* AppDelegate.swift in Sources */ = {isa = PBXBuildFile; fileRef = A4861F90281C2C30005DF278 /* AppDelegate.swift */; };
		A4861F93281C2C30005DF278 /* SceneDelegate.swift in Sources */ = {isa = PBXBuildFile; fileRef = A4861F92281C2C30005DF278 /* SceneDelegate.swift */; };
		A4861F98281C2C31005DF278 /* Main.storyboard in Resources */ = {isa = PBXBuildFile; fileRef = A4861F96281C2C31005DF278 /* Main.storyboard */; };
		A4861F9A281C2C32005DF278 /* Assets.xcassets in Resources */ = {isa = PBXBuildFile; fileRef = A4861F99281C2C32005DF278 /* Assets.xcassets */; };
		A4861F9D281C2C32005DF278 /* LaunchScreen.storyboard in Resources */ = {isa = PBXBuildFile; fileRef = A4861F9B281C2C32005DF278 /* LaunchScreen.storyboard */; };
		A4861FA5281C2D98005DF278 /* LoginViewController.swift in Sources */ = {isa = PBXBuildFile; fileRef = A4861FA4281C2D98005DF278 /* LoginViewController.swift */; };
		A4861FA7281C2DBC005DF278 /* HomeViewController.swift in Sources */ = {isa = PBXBuildFile; fileRef = A4861FA6281C2DBC005DF278 /* HomeViewController.swift */; };
		A4861FAA281C2DF6005DF278 /* ImageSelectViewController.swift in Sources */ = {isa = PBXBuildFile; fileRef = A4861FA9281C2DF6005DF278 /* ImageSelectViewController.swift */; };
		A4861FAC281C2E0F005DF278 /* PostViewController.swift in Sources */ = {isa = PBXBuildFile; fileRef = A4861FAB281C2E0F005DF278 /* PostViewController.swift */; };
		A4861FAE281C2E24005DF278 /* SettingViewController.swift in Sources */ = {isa = PBXBuildFile; fileRef = A4861FAD281C2E24005DF278 /* SettingViewController.swift */; };
		A4861FB0281CB3B4005DF278 /* TabBarController.swift in Sources */ = {isa = PBXBuildFile; fileRef = A4861FAF281CB3B4005DF278 /* TabBarController.swift */; };
		A4861FB2281CC185005DF278 /* GoogleService-Info.plist in Resources */ = {isa = PBXBuildFile; fileRef = A4861FB1281CC185005DF278 /* GoogleService-Info.plist */; };
		B9797453BE7A87271E36298E /* Pods_Instagram.framework in Frameworks */ = {isa = PBXBuildFile; fileRef = 4654EC6B4B3BC1B6CF50AF11 /* Pods_Instagram.framework */; };
/* End PBXBuildFile section */

/* Begin PBXFileReference section */
		217D141701909592258B63A7 /* Pods-Instagram.debug.xcconfig */ = {isa = PBXFileReference; includeInIndex = 1; lastKnownFileType = text.xcconfig; name = "Pods-Instagram.debug.xcconfig"; path = "Target Support Files/Pods-Instagram/Pods-Instagram.debug.xcconfig"; sourceTree = "<group>"; };
		4654EC6B4B3BC1B6CF50AF11 /* Pods_Instagram.framework */ = {isa = PBXFileReference; explicitFileType = wrapper.framework; includeInIndex = 0; path = Pods_Instagram.framework; sourceTree = BUILT_PRODUCTS_DIR; };
		A43B40AC2826343600F8696F /* CommentViewController.swift */ = {isa = PBXFileReference; lastKnownFileType = sourcecode.swift; path = CommentViewController.swift; sourceTree = "<group>"; };
		A442EF0B282127BF00D89DD9 /* Const.swift */ = {isa = PBXFileReference; lastKnownFileType = sourcecode.swift; path = Const.swift; sourceTree = "<group>"; };
		A442EF0D2821663700D89DD9 /* PostData.swift */ = {isa = PBXFileReference; lastKnownFileType = sourcecode.swift; path = PostData.swift; sourceTree = "<group>"; };
		A442EF0F28216C2800D89DD9 /* PostTableViewCell.swift */ = {isa = PBXFileReference; lastKnownFileType = sourcecode.swift; path = PostTableViewCell.swift; sourceTree = "<group>"; };
		A442EF1028216C2800D89DD9 /* PostTableViewCell.xib */ = {isa = PBXFileReference; lastKnownFileType = file.xib; path = PostTableViewCell.xib; sourceTree = "<group>"; };
		A4861F8D281C2C30005DF278 /* Instagram.app */ = {isa = PBXFileReference; explicitFileType = wrapper.application; includeInIndex = 0; path = Instagram.app; sourceTree = BUILT_PRODUCTS_DIR; };
		A4861F90281C2C30005DF278 /* AppDelegate.swift */ = {isa = PBXFileReference; lastKnownFileType = sourcecode.swift; path = AppDelegate.swift; sourceTree = "<group>"; };
		A4861F92281C2C30005DF278 /* SceneDelegate.swift */ = {isa = PBXFileReference; lastKnownFileType = sourcecode.swift; path = SceneDelegate.swift; sourceTree = "<group>"; };
		A4861F97281C2C31005DF278 /* Base */ = {isa = PBXFileReference; lastKnownFileType = file.storyboard; name = Base; path = Base.lproj/Main.storyboard; sourceTree = "<group>"; };
		A4861F99281C2C32005DF278 /* Assets.xcassets */ = {isa = PBXFileReference; lastKnownFileType = folder.assetcatalog; path = Assets.xcassets; sourceTree = "<group>"; };
		A4861F9C281C2C32005DF278 /* Base */ = {isa = PBXFileReference; lastKnownFileType = file.storyboard; name = Base; path = Base.lproj/LaunchScreen.storyboard; sourceTree = "<group>"; };
		A4861F9E281C2C32005DF278 /* Info.plist */ = {isa = PBXFileReference; lastKnownFileType = text.plist.xml; path = Info.plist; sourceTree = "<group>"; };
		A4861FA4281C2D98005DF278 /* LoginViewController.swift */ = {isa = PBXFileReference; lastKnownFileType = sourcecode.swift; path = LoginViewController.swift; sourceTree = "<group>"; };
		A4861FA6281C2DBC005DF278 /* HomeViewController.swift */ = {isa = PBXFileReference; lastKnownFileType = sourcecode.swift; path = HomeViewController.swift; sourceTree = "<group>"; };
		A4861FA9281C2DF6005DF278 /* ImageSelectViewController.swift */ = {isa = PBXFileReference; lastKnownFileType = sourcecode.swift; path = ImageSelectViewController.swift; sourceTree = "<group>"; };
		A4861FAB281C2E0F005DF278 /* PostViewController.swift */ = {isa = PBXFileReference; lastKnownFileType = sourcecode.swift; path = PostViewController.swift; sourceTree = "<group>"; };
		A4861FAD281C2E24005DF278 /* SettingViewController.swift */ = {isa = PBXFileReference; lastKnownFileType = sourcecode.swift; path = SettingViewController.swift; sourceTree = "<group>"; };
		A4861FAF281CB3B4005DF278 /* TabBarController.swift */ = {isa = PBXFileReference; lastKnownFileType = sourcecode.swift; path = TabBarController.swift; sourceTree = "<group>"; };
		A4861FB1281CC185005DF278 /* GoogleService-Info.plist */ = {isa = PBXFileReference; fileEncoding = 4; lastKnownFileType = text.plist.xml; path = "GoogleService-Info.plist"; sourceTree = "<group>"; };
		C718260F2D70FD5F7B97BFB1 /* Pods-Instagram.release.xcconfig */ = {isa = PBXFileReference; includeInIndex = 1; lastKnownFileType = text.xcconfig; name = "Pods-Instagram.release.xcconfig"; path = "Target Support Files/Pods-Instagram/Pods-Instagram.release.xcconfig"; sourceTree = "<group>"; };
/* End PBXFileReference section */

/* Begin PBXFrameworksBuildPhase section */
		A4861F8A281C2C30005DF278 /* Frameworks */ = {
			isa = PBXFrameworksBuildPhase;
			buildActionMask = 2147483647;
			files = (
				B9797453BE7A87271E36298E /* Pods_Instagram.framework in Frameworks */,
			);
			runOnlyForDeploymentPostprocessing = 0;
		};
/* End PBXFrameworksBuildPhase section */

/* Begin PBXGroup section */
		594C9564F32839A6014C4A67 /* Pods */ = {
			isa = PBXGroup;
			children = (
				217D141701909592258B63A7 /* Pods-Instagram.debug.xcconfig */,
				C718260F2D70FD5F7B97BFB1 /* Pods-Instagram.release.xcconfig */,
			);
			path = Pods;
			sourceTree = "<group>";
		};
		A4861F84281C2C30005DF278 = {
			isa = PBXGroup;
			children = (
				A4861F8F281C2C30005DF278 /* Instagram */,
				A4861F8E281C2C30005DF278 /* Products */,
				594C9564F32839A6014C4A67 /* Pods */,
				E8EA46E878F397F444B4F9F2 /* Frameworks */,
			);
			sourceTree = "<group>";
		};
		A4861F8E281C2C30005DF278 /* Products */ = {
			isa = PBXGroup;
			children = (
				A4861F8D281C2C30005DF278 /* Instagram.app */,
			);
			name = Products;
			sourceTree = "<group>";
		};
		A4861F8F281C2C30005DF278 /* Instagram */ = {
			isa = PBXGroup;
			children = (
				A4861F90281C2C30005DF278 /* AppDelegate.swift */,
				A4861F92281C2C30005DF278 /* SceneDelegate.swift */,
				A4861FA4281C2D98005DF278 /* LoginViewController.swift */,
				A4861FA6281C2DBC005DF278 /* HomeViewController.swift */,
				A4861FA9281C2DF6005DF278 /* ImageSelectViewController.swift */,
				A4861FAB281C2E0F005DF278 /* PostViewController.swift */,
				A4861FAD281C2E24005DF278 /* SettingViewController.swift */,
				A4861FAF281CB3B4005DF278 /* TabBarController.swift */,
				A442EF0B282127BF00D89DD9 /* Const.swift */,
				A442EF0D2821663700D89DD9 /* PostData.swift */,
				A442EF0F28216C2800D89DD9 /* PostTableViewCell.swift */,
				A43B40AC2826343600F8696F /* CommentViewController.swift */,
				A442EF1028216C2800D89DD9 /* PostTableViewCell.xib */,
				A4861F96281C2C31005DF278 /* Main.storyboard */,
				A4861F99281C2C32005DF278 /* Assets.xcassets */,
				A4861F9B281C2C32005DF278 /* LaunchScreen.storyboard */,
				A4861F9E281C2C32005DF278 /* Info.plist */,
				A4861FB1281CC185005DF278 /* GoogleService-Info.plist */,
			);
			path = Instagram;
			sourceTree = "<group>";
		};
		E8EA46E878F397F444B4F9F2 /* Frameworks */ = {
			isa = PBXGroup;
			children = (
				4654EC6B4B3BC1B6CF50AF11 /* Pods_Instagram.framework */,
			);
			name = Frameworks;
			sourceTree = "<group>";
		};
/* End PBXGroup section */

/* Begin PBXNativeTarget section */
		A4861F8C281C2C30005DF278 /* Instagram */ = {
			isa = PBXNativeTarget;
			buildConfigurationList = A4861FA1281C2C32005DF278 /* Build configuration list for PBXNativeTarget "Instagram" */;
			buildPhases = (
				04B775261F07CD3EA8D02F30 /* [CP] Check Pods Manifest.lock */,
				A4861F89281C2C30005DF278 /* Sources */,
				A4861F8A281C2C30005DF278 /* Frameworks */,
				A4861F8B281C2C30005DF278 /* Resources */,
				5E910D1646AF5F824A74D2B5 /* [CP] Embed Pods Frameworks */,
			);
			buildRules = (
			);
			dependencies = (
			);
			name = Instagram;
			productName = Instagram;
			productReference = A4861F8D281C2C30005DF278 /* Instagram.app */;
			productType = "com.apple.product-type.application";
		};
/* End PBXNativeTarget section */

/* Begin PBXProject section */
		A4861F85281C2C30005DF278 /* Project object */ = {
			isa = PBXProject;
			attributes = {
				BuildIndependentTargetsInParallel = 1;
				LastSwiftUpdateCheck = 1310;
				LastUpgradeCheck = 1310;
				TargetAttributes = {
					A4861F8C281C2C30005DF278 = {
						CreatedOnToolsVersion = 13.1;
					};
				};
			};
			buildConfigurationList = A4861F88281C2C30005DF278 /* Build configuration list for PBXProject "Instagram" */;
			compatibilityVersion = "Xcode 13.0";
			developmentRegion = en;
			hasScannedForEncodings = 0;
			knownRegions = (
				en,
				Base,
			);
			mainGroup = A4861F84281C2C30005DF278;
			productRefGroup = A4861F8E281C2C30005DF278 /* Products */;
			projectDirPath = "";
			projectRoot = "";
			targets = (
				A4861F8C281C2C30005DF278 /* Instagram */,
			);
		};
/* End PBXProject section */

/* Begin PBXResourcesBuildPhase section */
		A4861F8B281C2C30005DF278 /* Resources */ = {
			isa = PBXResourcesBuildPhase;
			buildActionMask = 2147483647;
			files = (
				A4861F9D281C2C32005DF278 /* LaunchScreen.storyboard in Resources */,
				A442EF1228216C2800D89DD9 /* PostTableViewCell.xib in Resources */,
				A4861FB2281CC185005DF278 /* GoogleService-Info.plist in Resources */,
				A4861F9A281C2C32005DF278 /* Assets.xcassets in Resources */,
				A4861F98281C2C31005DF278 /* Main.storyboard in Resources */,
			);
			runOnlyForDeploymentPostprocessing = 0;
		};
/* End PBXResourcesBuildPhase section */

/* Begin PBXShellScriptBuildPhase section */
		04B775261F07CD3EA8D02F30 /* [CP] Check Pods Manifest.lock */ = {
			isa = PBXShellScriptBuildPhase;
			buildActionMask = 2147483647;
			files = (
			);
			inputFileListPaths = (
			);
			inputPaths = (
				"${PODS_PODFILE_DIR_PATH}/Podfile.lock",
				"${PODS_ROOT}/Manifest.lock",
			);
			name = "[CP] Check Pods Manifest.lock";
			outputFileListPaths = (
			);
			outputPaths = (
				"$(DERIVED_FILE_DIR)/Pods-Instagram-checkManifestLockResult.txt",
			);
			runOnlyForDeploymentPostprocessing = 0;
			shellPath = /bin/sh;
			shellScript = "diff \"${PODS_PODFILE_DIR_PATH}/Podfile.lock\" \"${PODS_ROOT}/Manifest.lock\" > /dev/null\nif [ $? != 0 ] ; then\n    # print error to STDERR\n    echo \"error: The sandbox is not in sync with the Podfile.lock. Run 'pod install' or update your CocoaPods installation.\" >&2\n    exit 1\nfi\n# This output is used by Xcode 'outputs' to avoid re-running this script phase.\necho \"SUCCESS\" > \"${SCRIPT_OUTPUT_FILE_0}\"\n";
			showEnvVarsInLog = 0;
		};
		5E910D1646AF5F824A74D2B5 /* [CP] Embed Pods Frameworks */ = {
			isa = PBXShellScriptBuildPhase;
			buildActionMask = 2147483647;
			files = (
			);
			inputFileListPaths = (
				"${PODS_ROOT}/Target Support Files/Pods-Instagram/Pods-Instagram-frameworks-${CONFIGURATION}-input-files.xcfilelist",
			);
			name = "[CP] Embed Pods Frameworks";
			outputFileListPaths = (
				"${PODS_ROOT}/Target Support Files/Pods-Instagram/Pods-Instagram-frameworks-${CONFIGURATION}-output-files.xcfilelist",
			);
			runOnlyForDeploymentPostprocessing = 0;
			shellPath = /bin/sh;
			shellScript = "\"${PODS_ROOT}/Target Support Files/Pods-Instagram/Pods-Instagram-frameworks.sh\"\n";
			showEnvVarsInLog = 0;
		};
/* End PBXShellScriptBuildPhase section */

/* Begin PBXSourcesBuildPhase section */
		A4861F89281C2C30005DF278 /* Sources */ = {
			isa = PBXSourcesBuildPhase;
			buildActionMask = 2147483647;
			files = (
				A442EF1128216C2800D89DD9 /* PostTableViewCell.swift in Sources */,
				A4861FAA281C2DF6005DF278 /* ImageSelectViewController.swift in Sources */,
				A4861FB0281CB3B4005DF278 /* TabBarController.swift in Sources */,
				A4861FA7281C2DBC005DF278 /* HomeViewController.swift in Sources */,
				A4861FAC281C2E0F005DF278 /* PostViewController.swift in Sources */,
				A4861FAE281C2E24005DF278 /* SettingViewController.swift in Sources */,
				A442EF0E2821663700D89DD9 /* PostData.swift in Sources */,
				A4861FA5281C2D98005DF278 /* LoginViewController.swift in Sources */,
				A43B40AD2826343600F8696F /* CommentViewController.swift in Sources */,
				A4861F91281C2C30005DF278 /* AppDelegate.swift in Sources */,
				A4861F93281C2C30005DF278 /* SceneDelegate.swift in Sources */,
				A442EF0C282127BF00D89DD9 /* Const.swift in Sources */,
			);
			runOnlyForDeploymentPostprocessing = 0;
		};
/* End PBXSourcesBuildPhase section */

/* Begin PBXVariantGroup section */
		A4861F96281C2C31005DF278 /* Main.storyboard */ = {
			isa = PBXVariantGroup;
			children = (
				A4861F97281C2C31005DF278 /* Base */,
			);
			name = Main.storyboard;
			sourceTree = "<group>";
		};
		A4861F9B281C2C32005DF278 /* LaunchScreen.storyboard */ = {
			isa = PBXVariantGroup;
			children = (
				A4861F9C281C2C32005DF278 /* Base */,
			);
			name = LaunchScreen.storyboard;
			sourceTree = "<group>";
		};
/* End PBXVariantGroup section */

/* Begin XCBuildConfiguration section */
		A4861F9F281C2C32005DF278 /* Debug */ = {
			isa = XCBuildConfiguration;
			buildSettings = {
				ALWAYS_SEARCH_USER_PATHS = NO;
				CLANG_ANALYZER_NONNULL = YES;
				CLANG_ANALYZER_NUMBER_OBJECT_CONVERSION = YES_AGGRESSIVE;
				CLANG_CXX_LANGUAGE_STANDARD = "gnu++17";
				CLANG_CXX_LIBRARY = "libc++";
				CLANG_ENABLE_MODULES = YES;
				CLANG_ENABLE_OBJC_ARC = YES;
				CLANG_ENABLE_OBJC_WEAK = YES;
				CLANG_WARN_BLOCK_CAPTURE_AUTORELEASING = YES;
				CLANG_WARN_BOOL_CONVERSION = YES;
				CLANG_WARN_COMMA = YES;
				CLANG_WARN_CONSTANT_CONVERSION = YES;
				CLANG_WARN_DEPRECATED_OBJC_IMPLEMENTATIONS = YES;
				CLANG_WARN_DIRECT_OBJC_ISA_USAGE = YES_ERROR;
				CLANG_WARN_DOCUMENTATION_COMMENTS = YES;
				CLANG_WARN_EMPTY_BODY = YES;
				CLANG_WARN_ENUM_CONVERSION = YES;
				CLANG_WARN_INFINITE_RECURSION = YES;
				CLANG_WARN_INT_CONVERSION = YES;
				CLANG_WARN_NON_LITERAL_NULL_CONVERSION = YES;
				CLANG_WARN_OBJC_IMPLICIT_RETAIN_SELF = YES;
				CLANG_WARN_OBJC_LITERAL_CONVERSION = YES;
				CLANG_WARN_OBJC_ROOT_CLASS = YES_ERROR;
				CLANG_WARN_QUOTED_INCLUDE_IN_FRAMEWORK_HEADER = YES;
				CLANG_WARN_RANGE_LOOP_ANALYSIS = YES;
				CLANG_WARN_STRICT_PROTOTYPES = YES;
				CLANG_WARN_SUSPICIOUS_MOVE = YES;
				CLANG_WARN_UNGUARDED_AVAILABILITY = YES_AGGRESSIVE;
				CLANG_WARN_UNREACHABLE_CODE = YES;
				CLANG_WARN__DUPLICATE_METHOD_MATCH = YES;
				COPY_PHASE_STRIP = NO;
				DEBUG_INFORMATION_FORMAT = dwarf;
				ENABLE_STRICT_OBJC_MSGSEND = YES;
				ENABLE_TESTABILITY = YES;
				GCC_C_LANGUAGE_STANDARD = gnu11;
				GCC_DYNAMIC_NO_PIC = NO;
				GCC_NO_COMMON_BLOCKS = YES;
				GCC_OPTIMIZATION_LEVEL = 0;
				GCC_PREPROCESSOR_DEFINITIONS = (
					"DEBUG=1",
					"$(inherited)",
				);
				GCC_WARN_64_TO_32_BIT_CONVERSION = YES;
				GCC_WARN_ABOUT_RETURN_TYPE = YES_ERROR;
				GCC_WARN_UNDECLARED_SELECTOR = YES;
				GCC_WARN_UNINITIALIZED_AUTOS = YES_AGGRESSIVE;
				GCC_WARN_UNUSED_FUNCTION = YES;
				GCC_WARN_UNUSED_VARIABLE = YES;
				IPHONEOS_DEPLOYMENT_TARGET = 15.0;
				MTL_ENABLE_DEBUG_INFO = INCLUDE_SOURCE;
				MTL_FAST_MATH = YES;
				ONLY_ACTIVE_ARCH = YES;
				SDKROOT = iphoneos;
				SWIFT_ACTIVE_COMPILATION_CONDITIONS = DEBUG;
				SWIFT_OPTIMIZATION_LEVEL = "-Onone";
			};
			name = Debug;
		};
		A4861FA0281C2C32005DF278 /* Release */ = {
			isa = XCBuildConfiguration;
			buildSettings = {
				ALWAYS_SEARCH_USER_PATHS = NO;
				CLANG_ANALYZER_NONNULL = YES;
				CLANG_ANALYZER_NUMBER_OBJECT_CONVERSION = YES_AGGRESSIVE;
				CLANG_CXX_LANGUAGE_STANDARD = "gnu++17";
				CLANG_CXX_LIBRARY = "libc++";
				CLANG_ENABLE_MODULES = YES;
				CLANG_ENABLE_OBJC_ARC = YES;
				CLANG_ENABLE_OBJC_WEAK = YES;
				CLANG_WARN_BLOCK_CAPTURE_AUTORELEASING = YES;
				CLANG_WARN_BOOL_CONVERSION = YES;
				CLANG_WARN_COMMA = YES;
				CLANG_WARN_CONSTANT_CONVERSION = YES;
				CLANG_WARN_DEPRECATED_OBJC_IMPLEMENTATIONS = YES;
				CLANG_WARN_DIRECT_OBJC_ISA_USAGE = YES_ERROR;
				CLANG_WARN_DOCUMENTATION_COMMENTS = YES;
				CLANG_WARN_EMPTY_BODY = YES;
				CLANG_WARN_ENUM_CONVERSION = YES;
				CLANG_WARN_INFINITE_RECURSION = YES;
				CLANG_WARN_INT_CONVERSION = YES;
				CLANG_WARN_NON_LITERAL_NULL_CONVERSION = YES;
				CLANG_WARN_OBJC_IMPLICIT_RETAIN_SELF = YES;
				CLANG_WARN_OBJC_LITERAL_CONVERSION = YES;
				CLANG_WARN_OBJC_ROOT_CLASS = YES_ERROR;
				CLANG_WARN_QUOTED_INCLUDE_IN_FRAMEWORK_HEADER = YES;
				CLANG_WARN_RANGE_LOOP_ANALYSIS = YES;
				CLANG_WARN_STRICT_PROTOTYPES = YES;
				CLANG_WARN_SUSPICIOUS_MOVE = YES;
				CLANG_WARN_UNGUARDED_AVAILABILITY = YES_AGGRESSIVE;
				CLANG_WARN_UNREACHABLE_CODE = YES;
				CLANG_WARN__DUPLICATE_METHOD_MATCH = YES;
				COPY_PHASE_STRIP = NO;
				DEBUG_INFORMATION_FORMAT = "dwarf-with-dsym";
				ENABLE_NS_ASSERTIONS = NO;
				ENABLE_STRICT_OBJC_MSGSEND = YES;
				GCC_C_LANGUAGE_STANDARD = gnu11;
				GCC_NO_COMMON_BLOCKS = YES;
				GCC_WARN_64_TO_32_BIT_CONVERSION = YES;
				GCC_WARN_ABOUT_RETURN_TYPE = YES_ERROR;
				GCC_WARN_UNDECLARED_SELECTOR = YES;
				GCC_WARN_UNINITIALIZED_AUTOS = YES_AGGRESSIVE;
				GCC_WARN_UNUSED_FUNCTION = YES;
				GCC_WARN_UNUSED_VARIABLE = YES;
				IPHONEOS_DEPLOYMENT_TARGET = 15.0;
				MTL_ENABLE_DEBUG_INFO = NO;
				MTL_FAST_MATH = YES;
				SDKROOT = iphoneos;
				SWIFT_COMPILATION_MODE = wholemodule;
				SWIFT_OPTIMIZATION_LEVEL = "-O";
				VALIDATE_PRODUCT = YES;
			};
			name = Release;
		};
		A4861FA2281C2C32005DF278 /* Debug */ = {
			isa = XCBuildConfiguration;
			baseConfigurationReference = 217D141701909592258B63A7 /* Pods-Instagram.debug.xcconfig */;
			buildSettings = {
				ASSETCATALOG_COMPILER_APPICON_NAME = AppIcon;
				ASSETCATALOG_COMPILER_GLOBAL_ACCENT_COLOR_NAME = AccentColor;
				CODE_SIGN_STYLE = Automatic;
				CURRENT_PROJECT_VERSION = 1;
				DEVELOPMENT_TEAM = 96XRG5SDWH;
				GENERATE_INFOPLIST_FILE = YES;
				INFOPLIST_FILE = Instagram/Info.plist;
				INFOPLIST_KEY_NSCameraUsageDescription = "本アプリは、画像の投稿及び編集のため、カメラの使用許可を求めます。";
				INFOPLIST_KEY_UIApplicationSupportsIndirectInputEvents = YES;
				INFOPLIST_KEY_UILaunchStoryboardName = LaunchScreen;
				INFOPLIST_KEY_UIMainStoryboardFile = Main;
				INFOPLIST_KEY_UISupportedInterfaceOrientations_iPad = "UIInterfaceOrientationPortrait UIInterfaceOrientationPortraitUpsideDown UIInterfaceOrientationLandscapeLeft UIInterfaceOrientationLandscapeRight";
				INFOPLIST_KEY_UISupportedInterfaceOrientations_iPhone = UIInterfaceOrientationPortrait;
				LD_RUNPATH_SEARCH_PATHS = (
					"$(inherited)",
					"@executable_path/Frameworks",
				);
				MARKETING_VERSION = 1.0;
				PRODUCT_BUNDLE_IDENTIFIER = jp.techacademy.takuya.hamagami.Instagram;
				PRODUCT_NAME = "$(TARGET_NAME)";
				SWIFT_EMIT_LOC_STRINGS = YES;
				SWIFT_VERSION = 5.0;
				TARGETED_DEVICE_FAMILY = 1;
			};
			name = Debug;
		};
		A4861FA3281C2C32005DF278 /* Release */ = {
			isa = XCBuildConfiguration;
			baseConfigurationReference = C718260F2D70FD5F7B97BFB1 /* Pods-Instagram.release.xcconfig */;
			buildSettings = {
				ASSETCATALOG_COMPILER_APPICON_NAME = AppIcon;
				ASSETCATALOG_COMPILER_GLOBAL_ACCENT_COLOR_NAME = AccentColor;
				CODE_SIGN_STYLE = Automatic;
				CURRENT_PROJECT_VERSION = 1;
				DEVELOPMENT_TEAM = 96XRG5SDWH;
				GENERATE_INFOPLIST_FILE = YES;
				INFOPLIST_FILE = Instagram/Info.plist;
				INFOPLIST_KEY_NSCameraUsageDescription = "本アプリは、画像の投稿及び編集のため、カメラの使用許可を求めます。";
				INFOPLIST_KEY_UIApplicationSupportsIndirectInputEvents = YES;
				INFOPLIST_KEY_UILaunchStoryboardName = LaunchScreen;
				INFOPLIST_KEY_UIMainStoryboardFile = Main;
				INFOPLIST_KEY_UISupportedInterfaceOrientations_iPad = "UIInterfaceOrientationPortrait UIInterfaceOrientationPortraitUpsideDown UIInterfaceOrientationLandscapeLeft UIInterfaceOrientationLandscapeRight";
				INFOPLIST_KEY_UISupportedInterfaceOrientations_iPhone = UIInterfaceOrientationPortrait;
				LD_RUNPATH_SEARCH_PATHS = (
					"$(inherited)",
					"@executable_path/Frameworks",
				);
				MARKETING_VERSION = 1.0;
				PRODUCT_BUNDLE_IDENTIFIER = jp.techacademy.takuya.hamagami.Instagram;
				PRODUCT_NAME = "$(TARGET_NAME)";
				SWIFT_EMIT_LOC_STRINGS = YES;
				SWIFT_VERSION = 5.0;
				TARGETED_DEVICE_FAMILY = 1;
			};
			name = Release;
		};
/* End XCBuildConfiguration section */

/* Begin XCConfigurationList section */
		A4861F88281C2C30005DF278 /* Build configuration list for PBXProject "Instagram" */ = {
			isa = XCConfigurationList;
			buildConfigurations = (
				A4861F9F281C2C32005DF278 /* Debug */,
				A4861FA0281C2C32005DF278 /* Release */,
			);
			defaultConfigurationIsVisible = 0;
			defaultConfigurationName = Release;
		};
		A4861FA1281C2C32005DF278 /* Build configuration list for PBXNativeTarget "Instagram" */ = {
			isa = XCConfigurationList;
			buildConfigurations = (
				A4861FA2281C2C32005DF278 /* Debug */,
				A4861FA3281C2C32005DF278 /* Release */,
			);
			defaultConfigurationIsVisible = 0;
			defaultConfigurationName = Release;
		};
/* End XCConfigurationList section */
	};
	rootObject = A4861F85281C2C30005DF278 /* Project object */;
}
